
Microsoft Visual Studio Solution File, Format Version 12.00
# Visual Studio Version 16
VisualStudioVersion = 16.0.30011.22
MinimumVisualStudioVersion = 10.0.40219.1
Project("{FAE04EC0-301F-11D3-BF4B-00C04F79EFBC}") = "Text_Evolution", "Text_Evolution\Text_Evolution.csproj", "{97F65A47-08F7-4DE0-A871-158D6AE96204}"
EndProject
Global
	GlobalSection(SolutionConfigurationPlatforms) = preSolution
		Debug|Any CPU = Debug|Any CPU
		Release|Any CPU = Release|Any CPU
	EndGlobalSection
	GlobalSection(ProjectConfigurationPlatforms) = postSolution
		{97F65A47-08F7-4DE0-A871-158D6AE96204}.Debug|Any CPU.ActiveCfg = Debug|Any CPU
		{97F65A47-08F7-4DE0-A871-158D6AE96204}.Debug|Any CPU.Build.0 = Debug|Any CPU
		{97F65A47-08F7-4DE0-A871-158D6AE96204}.Release|Any CPU.ActiveCfg = Release|Any CPU
		{97F65A47-08F7-4DE0-A871-158D6AE96204}.Release|Any CPU.Build.0 = Release|Any CPU
	EndGlobalSection
	GlobalSection(SolutionProperties) = preSolution
		HideSolutionNode = FALSE
	EndGlobalSection
	GlobalSection(ExtensibilityGlobals) = postSolution
		SolutionGuid = {8FACFEE1-7260-40FE-B1D0-383B1161EFDD}
	EndGlobalSection
EndGlobal
